Microsoft Visual Studio Solution File, Format Version 11.00
# Visual Studio 2008

Project("{C5C07E7E-3EEC-4124-E0CC-91B949837B09}") = "SimpleShooter", "Assembly-CSharp-vs.csproj", "{3E6F88BD-513F-513B-E714-B737A28D185F}"
EndProject
Global
	GlobalSection(SolutionConfigurationPlatforms) = preSolution
		Debug|Any CPU = Debug|Any CPU
		Release|Any CPU = Release|Any CPU
	EndGlobalSection
	GlobalSection(ProjectConfigurationPlatforms) = postSolution
		{3E6F88BD-513F-513B-E714-B737A28D185F}.Debug|Any CPU.ActiveCfg = Debug|Any CPU
		{3E6F88BD-513F-513B-E714-B737A28D185F}.Debug|Any CPU.Build.0 = Debug|Any CPU
		{3E6F88BD-513F-513B-E714-B737A28D185F}.Release|Any CPU.ActiveCfg = Release|Any CPU
		{3E6F88BD-513F-513B-E714-B737A28D185F}.Release|Any CPU.Build.0 = Release|Any CPU
	EndGlobalSection
	GlobalSection(SolutionProperties) = preSolution
		HideSolutionNode = FALSE
	EndGlobalSection
				GlobalSection(MonoDevelopProperties) = preSolution
		StartupItem = Assembly-CSharp.csproj
	EndGlobalSection

EndGlobal
