
Microsoft Visual Studio Solution File, Format Version 12.00
# Visual Studio 2017
Project("{FAE04EC0-301F-11D3-BF4B-00C04F79EFBC}") = "SimpleShooter", "SimpleShooter.csproj", "{3DD779C0-AA4F-9F30-0BEB-D3B5194415DC}"
EndProject
Global
	GlobalSection(SolutionConfigurationPlatforms) = preSolution
		Debug|Any CPU = Debug|Any CPU
		Release|Any CPU = Release|Any CPU
	EndGlobalSection
	GlobalSection(ProjectConfigurationPlatforms) = postSolution
		{3DD779C0-AA4F-9F30-0BEB-D3B5194415DC}.Debug|Any CPU.ActiveCfg = Debug|Any CPU
		{3DD779C0-AA4F-9F30-0BEB-D3B5194415DC}.Debug|Any CPU.Build.0 = Debug|Any CPU
		{3DD779C0-AA4F-9F30-0BEB-D3B5194415DC}.Release|Any CPU.ActiveCfg = Release|Any CPU
		{3DD779C0-AA4F-9F30-0BEB-D3B5194415DC}.Release|Any CPU.Build.0 = Release|Any CPU
	EndGlobalSection
	GlobalSection(SolutionProperties) = preSolution
		HideSolutionNode = FALSE
	EndGlobalSection
EndGlobal
